
Microsoft Visual Studio Solution File, Format Version 12.00
# Visual Studio Version 17
VisualStudioVersion = 17.7.34031.279
MinimumVisualStudioVersion = 10.0.40219.1
Project("{FAE04EC0-301F-11D3-BF4B-00C04F79EFBC}") = "KPO_miniHW2", "KPO_miniHW2\KPO_miniHW2.csproj", "{0C5465F3-8532-4536-8F7E-86DBE87B5EB8}"
EndProject
Global
	GlobalSection(SolutionConfigurationPlatforms) = preSolution
		Debug|Any CPU = Debug|Any CPU
		Release|Any CPU = Release|Any CPU
	EndGlobalSection
	GlobalSection(ProjectConfigurationPlatforms) = postSolution
		{0C5465F3-8532-4536-8F7E-86DBE87B5EB8}.Debug|Any CPU.ActiveCfg = Debug|Any CPU
		{0C5465F3-8532-4536-8F7E-86DBE87B5EB8}.Debug|Any CPU.Build.0 = Debug|Any CPU
		{0C5465F3-8532-4536-8F7E-86DBE87B5EB8}.Release|Any CPU.ActiveCfg = Release|Any CPU
		{0C5465F3-8532-4536-8F7E-86DBE87B5EB8}.Release|Any CPU.Build.0 = Release|Any CPU
	EndGlobalSection
	GlobalSection(SolutionProperties) = preSolution
		HideSolutionNode = FALSE
	EndGlobalSection
	GlobalSection(ExtensibilityGlobals) = postSolution
		SolutionGuid = {3CDF0174-453F-4E0D-AFEF-F074F3C72C98}
	EndGlobalSection
EndGlobal
